
Microsoft Visual Studio Solution File, Format Version 12.00
# Visual Studio Version 17
VisualStudioVersion = 17.7.34031.279
MinimumVisualStudioVersion = 10.0.40219.1
Project("{9A19103F-16F7-4668-BE54-9A1E7A4F7556}") = "MentoringUI", "MentoringUI\MentoringUI.csproj", "{3990BA60-B30B-403F-8B90-897F2D7892C8}"
EndProject
Project("{9A19103F-16F7-4668-BE54-9A1E7A4F7556}") = "SQLiteDataAccess", "SQLiteDataAccess\SQLiteDataAccess.csproj", "{21C54ED6-A85D-4B2C-9687-6E3467D88B96}"
EndProject
Global
	GlobalSection(SolutionConfigurationPlatforms) = preSolution
		Debug|Any CPU = Debug|Any CPU
		Release|Any CPU = Release|Any CPU
	EndGlobalSection
	GlobalSection(ProjectConfigurationPlatforms) = postSolution
		{3990BA60-B30B-403F-8B90-897F2D7892C8}.Debug|Any CPU.ActiveCfg = Debug|Any CPU
		{3990BA60-B30B-403F-8B90-897F2D7892C8}.Debug|Any CPU.Build.0 = Debug|Any CPU
		{3990BA60-B30B-403F-8B90-897F2D7892C8}.Release|Any CPU.ActiveCfg = Release|Any CPU
		{3990BA60-B30B-403F-8B90-897F2D7892C8}.Release|Any CPU.Build.0 = Release|Any CPU
		{21C54ED6-A85D-4B2C-9687-6E3467D88B96}.Debug|Any CPU.ActiveCfg = Debug|Any CPU
		{21C54ED6-A85D-4B2C-9687-6E3467D88B96}.Debug|Any CPU.Build.0 = Debug|Any CPU
		{21C54ED6-A85D-4B2C-9687-6E3467D88B96}.Release|Any CPU.ActiveCfg = Release|Any CPU
		{21C54ED6-A85D-4B2C-9687-6E3467D88B96}.Release|Any CPU.Build.0 = Release|Any CPU
	EndGlobalSection
	GlobalSection(SolutionProperties) = preSolution
		HideSolutionNode = FALSE
	EndGlobalSection
	GlobalSection(ExtensibilityGlobals) = postSolution
		SolutionGuid = {011FCEFD-9890-4C7C-B8AD-51375297F8E7}
	EndGlobalSection
EndGlobal
